<?xml version="1.0" encoding="utf-8"?>
<Project ToolsVersion="4.0" xmlns="http://schemas.microsoft.com/developer/msbuild/2003">
  <ItemGroup>
    <Filter Include="Source Dateien">
      <UniqueIdentifier>{4FC737F1-C7A5-4376-A066-2A32D752A2FF}</UniqueIdentifier>
      <Extensions>cpp;cxx;c;def</Extensions>
    </Filter>
    <Filter Include="Header Dateien">
      <UniqueIdentifier>{93995380-89BD-4b04-88EB-625FBE52EBFB}</UniqueIdentifier>
      <Extensions>h</Extensions>
    </Filter>
    <Filter Include="Form Dateien">
      <UniqueIdentifier>{99349809-55BA-4b9d-BF79-8FDBB0286EB3}</UniqueIdentifier>
      <Extensions>ui</Extensions>
    </Filter>
    <Filter Include="Resource Dateien">
      <UniqueIdentifier>{D9D6E242-F8AF-46E4-B9FD-80ECBC20BA3E}</UniqueIdentifier>
      <Extensions>qrc;*</Extensions>
      <ParseFiles>false</ParseFiles>
    </Filter>
    <Filter Include="Generierte Dateien">
      <UniqueIdentifier>{71ED8ED8-ACB9-4CE9-BBE1-E00B30144E11}</UniqueIdentifier>
      <Extensions>moc;h;cpp</Extensions>
      <SourceControlFiles>False</SourceControlFiles>
    </Filter>
    <Filter Include="Generierte Dateien\Debug">
      <UniqueIdentifier>{c017661d-2bda-4589-aa82-17b382dea193}</UniqueIdentifier>
      <Extensions>cpp;moc</Extensions>
      <SourceControlFiles>False</SourceControlFiles>
    </Filter>
    <Filter Include="Generierte Dateien\Release">
      <UniqueIdentifier>{c17fb0c2-9c6a-4e31-b483-a4802d03907f}</UniqueIdentifier>
      <Extensions>cpp;moc</Extensions>
      <SourceControlFiles>False</SourceControlFiles>
    </Filter>
  </ItemGroup>
  <ItemGroup>
    <ClCompile Include="GeneratedFiles\qrc_qttestvs10.cpp">
      <Filter>Generierte Dateien</Filter>
    </ClCompile>
    <ClCompile Include="GeneratedFiles\Debug\moc_GUI.cpp">
      <Filter>Generierte Dateien\Debug</Filter>
    </ClCompile>
    <ClCompile Include="GeneratedFiles\Release\moc_GUI.cpp">
      <Filter>Generierte Dateien\Release</Filter>
    </ClCompile>
    <ClCompile Include="GUI.cpp">
      <Filter>Source Dateien</Filter>
    </ClCompile>
    <ClCompile Include="GUIConsole.cpp">
      <Filter>Source Dateien</Filter>
    </ClCompile>
    <ClCompile Include="GeneratedFiles\Debug\moc_TrackerThread.cpp">
      <Filter>Generierte Dateien\Debug</Filter>
    </ClCompile>
    <ClCompile Include="GeneratedFiles\Release\moc_TrackerThread.cpp">
      <Filter>Generierte Dateien\Release</Filter>
    </ClCompile>
    <ClCompile Include="GUITracker.cpp">
      <Filter>Source Dateien</Filter>
    </ClCompile>
    <ClCompile Include="GeneratedFiles\Debug\moc_GUITracker.cpp">
      <Filter>Generierte Dateien\Debug</Filter>
    </ClCompile>
    <ClCompile Include="GeneratedFiles\Release\moc_GUITracker.cpp">
      <Filter>Generierte Dateien\Release</Filter>
    </ClCompile>
    <ClCompile Include="main.cpp">
      <Filter>Source Dateien</Filter>
    </ClCompile>
    <ClCompile Include="ExportToCSV.cpp">
      <Filter>Source Dateien</Filter>
    </ClCompile>
    <ClCompile Include="GUIResults.cpp">
      <Filter>Source Dateien</Filter>
    </ClCompile>
    <ClCompile Include="GeneratedFiles\Debug\moc_GUIResults.cpp">
      <Filter>Generierte Dateien\Debug</Filter>
    </ClCompile>
    <ClCompile Include="GeneratedFiles\Release\moc_GUIResults.cpp">
      <Filter>Generierte Dateien\Release</Filter>
    </ClCompile>
    <ClCompile Include="GUIResultsLarva.cpp">
      <Filter>Source Dateien</Filter>
    </ClCompile>
    <ClCompile Include="TrackerScene.cpp">
      <Filter>Source Dateien</Filter>
    </ClCompile>
    <ClCompile Include="TrackerSceneLarva.cpp">
      <Filter>Source Dateien</Filter>
    </ClCompile>
    <ClCompile Include="TrackerSceneLarvaCircle.cpp">
      <Filter>Source Dateien</Filter>
    </ClCompile>
    <ClCompile Include="Observable.cpp">
      <Filter>Source Dateien</Filter>
    </ClCompile>
    <ClCompile Include="GUITabWidget.cpp">
      <Filter>Source Dateien</Filter>
    </ClCompile>
    <ClCompile Include="GeneratedFiles\Debug\moc_GUIConsole.cpp">
      <Filter>Generierte Dateien\Debug</Filter>
    </ClCompile>
    <ClCompile Include="GeneratedFiles\Release\moc_GUIConsole.cpp">
      <Filter>Generierte Dateien\Release</Filter>
    </ClCompile>
    <ClCompile Include="GUINotes.cpp">
      <Filter>Source Dateien</Filter>
    </ClCompile>
    <ClCompile Include="GeneratedFiles\Debug\moc_GUINotes.cpp">
      <Filter>Generierte Dateien\Debug</Filter>
    </ClCompile>
    <ClCompile Include="GeneratedFiles\Release\moc_GUINotes.cpp">
      <Filter>Generierte Dateien\Release</Filter>
    </ClCompile>
    <ClCompile Include="TrackerSceneLandmark.cpp">
      <Filter>Source Dateien</Filter>
    </ClCompile>
    <ClCompile Include="TrackerGraphicsView.cpp">
      <Filter>Source Dateien</Filter>
    </ClCompile>
    <ClCompile Include="GeneratedFiles\Debug\moc_TrackerGraphicsView.cpp">
      <Filter>Generierte Dateien\Debug</Filter>
    </ClCompile>
    <ClCompile Include="GeneratedFiles\Release\moc_TrackerGraphicsView.cpp">
      <Filter>Generierte Dateien\Release</Filter>
    </ClCompile>
    <ClCompile Include="ImportFromCSV.cpp">
      <Filter>Source Dateien</Filter>
    </ClCompile>
    <ClCompile Include="SettingsIO.cpp">
      <Filter>Source Dateien</Filter>
    </ClCompile>
    <ClCompile Include="GUIAbout.cpp">
      <Filter>Source Dateien</Filter>
    </ClCompile>
    <ClCompile Include="GeneratedFiles\Debug\moc_GUIAbout.cpp">
      <Filter>Generierte Dateien\Debug</Filter>
    </ClCompile>
    <ClCompile Include="GeneratedFiles\Release\moc_GUIAbout.cpp">
      <Filter>Generierte Dateien\Release</Filter>
    </ClCompile>
    <ClCompile Include="ecwin7.cpp">
      <Filter>Source Dateien</Filter>
    </ClCompile>
    <ClCompile Include="GUITrackerProgress.cpp">
      <Filter>Source Dateien</Filter>
    </ClCompile>
    <ClCompile Include="GeneratedFiles\Debug\moc_GUITrackerProgress.cpp">
      <Filter>Generierte Dateien\Debug</Filter>
    </ClCompile>
    <ClCompile Include="GeneratedFiles\Release\moc_GUITrackerProgress.cpp">
      <Filter>Generierte Dateien\Release</Filter>
    </ClCompile>
    <ClCompile Include="PluginLoader.cpp">
      <Filter>Source Dateien</Filter>
    </ClCompile>
    <ClCompile Include="GUISettings.cpp">
      <Filter>Source Dateien</Filter>
    </ClCompile>
    <ClCompile Include="GeneratedFiles\Debug\moc_GUISettings.cpp">
      <Filter>Generierte Dateien\Debug</Filter>
    </ClCompile>
    <ClCompile Include="GeneratedFiles\Release\moc_GUISettings.cpp">
      <Filter>Generierte Dateien\Release</Filter>
    </ClCompile>
    <ClCompile Include="GeneratedFiles\Debug\moc_GUIParameterLayout.cpp">
      <Filter>Generierte Dateien\Debug</Filter>
    </ClCompile>
    <ClCompile Include="GeneratedFiles\Release\moc_GUIParameterLayout.cpp">
      <Filter>Generierte Dateien\Release</Filter>
    </ClCompile>
    <ClCompile Include="GUIParameterLayout.cpp">
      <Filter>Source Dateien</Filter>
    </ClCompile>
    <ClCompile Include="GeneratedFiles\Debug\moc_GUIResultsLarva.cpp">
      <Filter>Generierte Dateien\Debug</Filter>
    </ClCompile>
    <ClCompile Include="GeneratedFiles\Release\moc_GUIResultsLarva.cpp">
      <Filter>Generierte Dateien\Release</Filter>
    </ClCompile>
    <ClCompile Include="GUIResultComparer.cpp">
      <Filter>Source Dateien</Filter>
    </ClCompile>
    <ClCompile Include="GeneratedFiles\Debug\moc_GUIResultComparer.cpp">
      <Filter>Generierte Dateien\Debug</Filter>
    </ClCompile>
    <ClCompile Include="GeneratedFiles\Release\moc_GUIResultComparer.cpp">
      <Filter>Generierte Dateien\Release</Filter>
    </ClCompile>
    <ClCompile Include="ResultComparerThread.cpp">
      <Filter>Source Dateien</Filter>
    </ClCompile>
    <ClCompile Include="GeneratedFiles\Debug\moc_ResultComparerThread.cpp">
      <Filter>Generierte Dateien\Debug</Filter>
    </ClCompile>
    <ClCompile Include="GeneratedFiles\Release\moc_ResultComparerThread.cpp">
      <Filter>Generierte Dateien\Release</Filter>
    </ClCompile>
    <ClCompile Include="Mail.cpp">
      <Filter>Source Dateien</Filter>
    </ClCompile>
  </ItemGroup>
  <ItemGroup>
    <CustomBuild Include="qttestvs10.ui">
      <Filter>Form Dateien</Filter>
    </CustomBuild>
    <CustomBuild Include="qttestvs10.qrc">
      <Filter>Resource Dateien</Filter>
    </CustomBuild>
    <CustomBuild Include="GUI.h">
      <Filter>Header Dateien</Filter>
    </CustomBuild>
    <CustomBuild Include="QTConsole.ui">
      <Filter>Form Dateien</Filter>
    </CustomBuild>
    <CustomBuild Include="GUIConsole.h">
      <Filter>Header Dateien</Filter>
    </CustomBuild>
    <CustomBuild Include="TrackerThread.h">
      <Filter>Header Dateien</Filter>
    </CustomBuild>
    <CustomBuild Include="QTAlgorithmRunning.ui">
      <Filter>Form Dateien</Filter>
    </CustomBuild>
    <CustomBuild Include="QTTrackerForm.ui">
      <Filter>Form Dateien</Filter>
    </CustomBuild>
    <CustomBuild Include="GUITracker.h">
      <Filter>Header Dateien</Filter>
    </CustomBuild>
    <CustomBuild Include="QTResultParameterChooser.ui">
      <Filter>Form Dateien</Filter>
    </CustomBuild>
    <CustomBuild Include="QTLarvaRes.ui">
      <Filter>Form Dateien</Filter>
    </CustomBuild>
    <CustomBuild Include="QTResult.ui">
      <Filter>Form Dateien</Filter>
    </CustomBuild>
    <CustomBuild Include="GUIResults.h">
      <Filter>Header Dateien</Filter>
    </CustomBuild>
    <CustomBuild Include="GUIResultsLarva.h">
      <Filter>Header Dateien</Filter>
    </CustomBuild>
    <CustomBuild Include="TrackerSceneLarvaCircle.h">
      <Filter>Header Dateien</Filter>
    </CustomBuild>
    <CustomBuild Include="GUINotes.h">
      <Filter>Header Dateien</Filter>
    </CustomBuild>
    <CustomBuild Include="QTNotes.ui">
      <Filter>Form Dateien</Filter>
    </CustomBuild>
    <CustomBuild Include="TrackerGraphicsView.h">
      <Filter>Header Dateien</Filter>
    </CustomBuild>
    <CustomBuild Include="QListWidgetItemWithData.h">
      <Filter>Header Dateien</Filter>
    </CustomBuild>
    <CustomBuild Include="QTAbout.ui">
      <Filter>Form Dateien</Filter>
    </CustomBuild>
    <CustomBuild Include="GUIAbout.h">
      <Filter>Header Dateien</Filter>
    </CustomBuild>
    <CustomBuild Include="QTHelp.ui">
      <Filter>Form Dateien</Filter>
    </CustomBuild>
    <CustomBuild Include="GUITrackerProgress.h">
      <Filter>Header Dateien</Filter>
    </CustomBuild>
    <CustomBuild Include="QTSettings.ui">
      <Filter>Form Dateien</Filter>
    </CustomBuild>
    <CustomBuild Include="GUISettings.h">
      <Filter>Header Dateien</Filter>
    </CustomBuild>
    <CustomBuild Include="GUIParameterLayout.h">
      <Filter>Header Dateien</Filter>
    </CustomBuild>
    <CustomBuild Include="QTResultComparer.ui">
      <Filter>Form Dateien</Filter>
    </CustomBuild>
    <CustomBuild Include="GUIResultComparer.h">
      <Filter>Header Dateien</Filter>
    </CustomBuild>
    <CustomBuild Include="ResultComparerThread.h">
      <Filter>Header Dateien</Filter>
    </CustomBuild>
  </ItemGroup>
  <ItemGroup>
    <ClInclude Include="GeneratedFiles\ui_qttestvs10.h">
      <Filter>Generierte Dateien</Filter>
    </ClInclude>
    <ClInclude Include="ATracker.h">
      <Filter>Header Dateien</Filter>
    </ClInclude>
    <ClInclude Include="ATrackerObserver.h">
      <Filter>Header Dateien</Filter>
    </ClInclude>
    <ClInclude Include="GeneratedFiles\ui_QTConsole.h">
      <Filter>Generierte Dateien</Filter>
    </ClInclude>
    <ClInclude Include="GeneratedFiles\ui_QTAlgorithmRunning.h">
      <Filter>Generierte Dateien</Filter>
    </ClInclude>
    <ClInclude Include="Vector2D.h">
      <Filter>Header Dateien</Filter>
    </ClInclude>
    <ClInclude Include="LarvaModel.h">
      <Filter>Header Dateien</Filter>
    </ClInclude>
    <ClInclude Include="GeneratedFiles\ui_QTTrackerForm.h">
      <Filter>Generierte Dateien</Filter>
    </ClInclude>
    <ClInclude Include="GeneratedFiles\ui_QTResultParameterChooser.h">
      <Filter>Generierte Dateien</Filter>
    </ClInclude>
    <ClInclude Include="ExportToCSV.h">
      <Filter>Header Dateien</Filter>
    </ClInclude>
    <ClInclude Include="GeneratedFiles\ui_QTLarvaRes.h">
      <Filter>Generierte Dateien</Filter>
    </ClInclude>
    <ClInclude Include="GeneratedFiles\ui_QTResult.h">
      <Filter>Generierte Dateien</Filter>
    </ClInclude>
    <ClInclude Include="TrackerScene.h">
      <Filter>Header Dateien</Filter>
    </ClInclude>
    <ClInclude Include="TrackerSceneLarva.h">
      <Filter>Header Dateien</Filter>
    </ClInclude>
    <ClInclude Include="Observable.h">
      <Filter>Header Dateien</Filter>
    </ClInclude>
    <ClInclude Include="GUITabWidget.h">
      <Filter>Header Dateien</Filter>
    </ClInclude>
    <ClInclude Include="GeneratedFiles\ui_QTNotes.h">
      <Filter>Generierte Dateien</Filter>
    </ClInclude>
    <ClInclude Include="TrackerSceneLandmark.h">
      <Filter>Header Dateien</Filter>
    </ClInclude>
    <ClInclude Include="ImportFromCSV.h">
      <Filter>Header Dateien</Filter>
    </ClInclude>
    <ClInclude Include="resource.h">
      <Filter>Header Dateien</Filter>
    </ClInclude>
    <ClInclude Include="ParameterWrapper.h">
      <Filter>Header Dateien</Filter>
    </ClInclude>
    <ClInclude Include="SettingsIO.h">
      <Filter>Header Dateien</Filter>
    </ClInclude>
    <ClInclude Include="GeneratedFiles\ui_QTAbout.h">
      <Filter>Generierte Dateien</Filter>
    </ClInclude>
    <ClInclude Include="GeneratedFiles\ui_QTHelp.h">
      <Filter>Generierte Dateien</Filter>
    </ClInclude>
    <ClInclude Include="ecwin7.h">
      <Filter>Header Dateien</Filter>
    </ClInclude>
    <ClInclude Include="ABackgroundSubtractor.h">
      <Filter>Header Dateien</Filter>
    </ClInclude>
    <ClInclude Include="APlugin.h">
      <Filter>Header Dateien</Filter>
    </ClInclude>
    <ClInclude Include="PluginLoader.h">
      <Filter>Header Dateien</Filter>
    </ClInclude>
    <ClInclude Include="GeneratedFiles\ui_QTSettings.h">
      <Filter>Generierte Dateien</Filter>
    </ClInclude>
    <ClInclude Include="Mail.h">
      <Filter>Header Dateien</Filter>
    </ClInclude>
    <ClInclude Include="AObserver.h">
      <Filter>Header Dateien</Filter>
    </ClInclude>
    <ClInclude Include="GeneratedFiles\ui_QTResultComparer.h">
      <Filter>Generierte Dateien</Filter>
    </ClInclude>
  </ItemGroup>
  <ItemGroup>
    <ResourceCompile Include="QTTestVs10.rc" />
  </ItemGroup>
  <ItemGroup>
    <None Include="QTTestVs10.ico" />
    <None Include="pathfinder.ico" />
    <None Include="ClassDiagram1.cd" />
    <None Include="PathFinder.pro" />
    <None Include="PathFinder.pri" />
  </ItemGroup>
</Project>